
Microsoft Visual Studio Solution File, Format Version 12.00
# Visual Studio 15
VisualStudioVersion = 15.0.27703.2042
MinimumVisualStudioVersion = 10.0.40219.1
Project("{FAE04EC0-301F-11D3-BF4B-00C04F79EFBC}") = "PreventiveMaintenanceSystem", "PreventiveMaintenanceSystem\PreventiveMaintenanceSystem.csproj", "{A2B94100-E297-4303-95E2-986228FB842E}"
EndProject
Project("{FAE04EC0-301F-11D3-BF4B-00C04F79EFBC}") = "PreventiveMaintenanceSystem.Tests", "PreventiveMaintenanceSystem.Tests\PreventiveMaintenanceSystem.Tests.csproj", "{C003387F-C40B-4F9B-B4F8-480F306D937C}"
EndProject
Global
	GlobalSection(SolutionConfigurationPlatforms) = preSolution
		Debug|Any CPU = Debug|Any CPU
		Release|Any CPU = Release|Any CPU
	EndGlobalSection
	GlobalSection(ProjectConfigurationPlatforms) = postSolution
		{A2B94100-E297-4303-95E2-986228FB842E}.Debug|Any CPU.ActiveCfg = Debug|Any CPU
		{A2B94100-E297-4303-95E2-986228FB842E}.Debug|Any CPU.Build.0 = Debug|Any CPU
		{A2B94100-E297-4303-95E2-986228FB842E}.Release|Any CPU.ActiveCfg = Release|Any CPU
		{A2B94100-E297-4303-95E2-986228FB842E}.Release|Any CPU.Build.0 = Release|Any CPU
		{C003387F-C40B-4F9B-B4F8-480F306D937C}.Debug|Any CPU.ActiveCfg = Debug|Any CPU
		{C003387F-C40B-4F9B-B4F8-480F306D937C}.Debug|Any CPU.Build.0 = Debug|Any CPU
		{C003387F-C40B-4F9B-B4F8-480F306D937C}.Release|Any CPU.ActiveCfg = Release|Any CPU
		{C003387F-C40B-4F9B-B4F8-480F306D937C}.Release|Any CPU.Build.0 = Release|Any CPU
	EndGlobalSection
	GlobalSection(SolutionProperties) = preSolution
		HideSolutionNode = FALSE
	EndGlobalSection
	GlobalSection(ExtensibilityGlobals) = postSolution
		SolutionGuid = {2935B35D-2333-4F7C-9FB0-B264F0A6CC17}
	EndGlobalSection
EndGlobal
